
Microsoft Visual Studio Solution File, Format Version 12.00
# Visual Studio Version 17
VisualStudioVersion = 17.8.34408.163
MinimumVisualStudioVersion = 10.0.40219.1
Project("{9A19103F-16F7-4668-BE54-9A1E7A4F7556}") = "CommentPlugin", "CommentPlugin\CommentPlugin.csproj", "{C470E0DE-F49E-4966-9BE4-938E68579049}"
EndProject
Project("{9A19103F-16F7-4668-BE54-9A1E7A4F7556}") = "CommentPlugin_v2", "CommentPlugin_v2\CommentPlugin_v2.csproj", "{40215C31-16AB-4259-9659-3BFBF447F192}"
EndProject
Global
	GlobalSection(SolutionConfigurationPlatforms) = preSolution
		Debug|Any CPU = Debug|Any CPU
		Release|Any CPU = Release|Any CPU
	EndGlobalSection
	GlobalSection(ProjectConfigurationPlatforms) = postSolution
		{C470E0DE-F49E-4966-9BE4-938E68579049}.Debug|Any CPU.ActiveCfg = Debug|Any CPU
		{C470E0DE-F49E-4966-9BE4-938E68579049}.Debug|Any CPU.Build.0 = Debug|Any CPU
		{C470E0DE-F49E-4966-9BE4-938E68579049}.Release|Any CPU.ActiveCfg = Release|Any CPU
		{C470E0DE-F49E-4966-9BE4-938E68579049}.Release|Any CPU.Build.0 = Release|Any CPU
		{40215C31-16AB-4259-9659-3BFBF447F192}.Debug|Any CPU.ActiveCfg = Debug|Any CPU
		{40215C31-16AB-4259-9659-3BFBF447F192}.Debug|Any CPU.Build.0 = Debug|Any CPU
		{40215C31-16AB-4259-9659-3BFBF447F192}.Release|Any CPU.ActiveCfg = Release|Any CPU
		{40215C31-16AB-4259-9659-3BFBF447F192}.Release|Any CPU.Build.0 = Release|Any CPU
	EndGlobalSection
	GlobalSection(SolutionProperties) = preSolution
		HideSolutionNode = FALSE
	EndGlobalSection
	GlobalSection(ExtensibilityGlobals) = postSolution
		SolutionGuid = {2F10FC68-B740-4769-BD93-403B03F7DA97}
	EndGlobalSection
EndGlobal
